Microsoft Visual Studio Solution File, Format Version 11.00
# Visual Studio 2008

Project("{10958A39-956C-C7A3-CDF9-A9162028DCC1}") = "JyraWing", "Assembly-CSharp.csproj", "{829B114E-E46D-3BA8-48E0-2BDB913E615D}"
EndProject
Project("{10958A39-956C-C7A3-CDF9-A9162028DCC1}") = "JyraWing", "Assembly-CSharp-Editor.csproj", "{A224F650-C17D-9659-3654-2149C07C46D1}"
EndProject
Global
	GlobalSection(SolutionConfigurationPlatforms) = preSolution
		Debug|Any CPU = Debug|Any CPU
		Release|Any CPU = Release|Any CPU
	EndGlobalSection
	GlobalSection(ProjectConfigurationPlatforms) = postSolution
		{829B114E-E46D-3BA8-48E0-2BDB913E615D}.Debug|Any CPU.ActiveCfg = Debug|Any CPU
		{829B114E-E46D-3BA8-48E0-2BDB913E615D}.Debug|Any CPU.Build.0 = Debug|Any CPU
		{829B114E-E46D-3BA8-48E0-2BDB913E615D}.Release|Any CPU.ActiveCfg = Release|Any CPU
		{829B114E-E46D-3BA8-48E0-2BDB913E615D}.Release|Any CPU.Build.0 = Release|Any CPU
		{A224F650-C17D-9659-3654-2149C07C46D1}.Debug|Any CPU.ActiveCfg = Debug|Any CPU
		{A224F650-C17D-9659-3654-2149C07C46D1}.Debug|Any CPU.Build.0 = Debug|Any CPU
		{A224F650-C17D-9659-3654-2149C07C46D1}.Release|Any CPU.ActiveCfg = Release|Any CPU
		{A224F650-C17D-9659-3654-2149C07C46D1}.Release|Any CPU.Build.0 = Release|Any CPU
	EndGlobalSection
	GlobalSection(SolutionProperties) = preSolution
		HideSolutionNode = FALSE
	EndGlobalSection
	GlobalSection(MonoDevelopProperties) = preSolution
		StartupItem = Assembly-CSharp.csproj
	EndGlobalSection
EndGlobal
