
Microsoft Visual Studio Solution File, Format Version 12.00
# Visual Studio 2015
Project("{FAE04EC0-301F-11D3-BF4B-00C04F79EFBC}") = "JyraWing.CSharp", "JyraWing.CSharp.csproj", "{0E5323D4-C1C5-902E-0BF9-147A7C99192B}"
EndProject
Project("{FAE04EC0-301F-11D3-BF4B-00C04F79EFBC}") = "JyraWing.CSharp.Editor", "JyraWing.CSharp.Editor.csproj", "{9D66C6B9-D233-C77E-0749-A085EC416DAB}"
EndProject
Global
	GlobalSection(SolutionConfigurationPlatforms) = preSolution
		Debug|Any CPU = Debug|Any CPU
		Release|Any CPU = Release|Any CPU
	EndGlobalSection
	GlobalSection(ProjectConfigurationPlatforms) = postSolution
		{0E5323D4-C1C5-902E-0BF9-147A7C99192B}.Debug|Any CPU.ActiveCfg = Debug|Any CPU
		{0E5323D4-C1C5-902E-0BF9-147A7C99192B}.Debug|Any CPU.Build.0 = Debug|Any CPU
		{0E5323D4-C1C5-902E-0BF9-147A7C99192B}.Release|Any CPU.ActiveCfg = Release|Any CPU
		{0E5323D4-C1C5-902E-0BF9-147A7C99192B}.Release|Any CPU.Build.0 = Release|Any CPU
		{9D66C6B9-D233-C77E-0749-A085EC416DAB}.Debug|Any CPU.ActiveCfg = Debug|Any CPU
		{9D66C6B9-D233-C77E-0749-A085EC416DAB}.Debug|Any CPU.Build.0 = Debug|Any CPU
		{9D66C6B9-D233-C77E-0749-A085EC416DAB}.Release|Any CPU.ActiveCfg = Release|Any CPU
		{9D66C6B9-D233-C77E-0749-A085EC416DAB}.Release|Any CPU.Build.0 = Release|Any CPU
	EndGlobalSection
	GlobalSection(SolutionProperties) = preSolution
		HideSolutionNode = FALSE
	EndGlobalSection
EndGlobal
